
Microsoft Visual Studio Solution File, Format Version 12.00
# Visual Studio Version 17
VisualStudioVersion = 17.7.34018.315
MinimumVisualStudioVersion = 10.0.40219.1
Project("{8BC9CEB8-8B4A-11D0-8D11-00A0C91BC942}") = "Lab 1 - George Abrams", "Lab 1 - George Abrams\Lab 1 - George Abrams.vcxproj", "{E89874A1-D46B-4BEA-957C-F15EFBD040F8}"
EndProject
Global
	GlobalSection(SolutionConfigurationPlatforms) = preSolution
		Debug|x64 = Debug|x64
		Debug|x86 = Debug|x86
		Release|x64 = Release|x64
		Release|x86 = Release|x86
	EndGlobalSection
	GlobalSection(ProjectConfigurationPlatforms) = postSolution
		{E89874A1-D46B-4BEA-957C-F15EFBD040F8}.Debug|x64.ActiveCfg = Debug|x64
		{E89874A1-D46B-4BEA-957C-F15EFBD040F8}.Debug|x64.Build.0 = Debug|x64
		{E89874A1-D46B-4BEA-957C-F15EFBD040F8}.Debug|x86.ActiveCfg = Debug|Win32
		{E89874A1-D46B-4BEA-957C-F15EFBD040F8}.Debug|x86.Build.0 = Debug|Win32
		{E89874A1-D46B-4BEA-957C-F15EFBD040F8}.Release|x64.ActiveCfg = Release|x64
		{E89874A1-D46B-4BEA-957C-F15EFBD040F8}.Release|x64.Build.0 = Release|x64
		{E89874A1-D46B-4BEA-957C-F15EFBD040F8}.Release|x86.ActiveCfg = Release|Win32
		{E89874A1-D46B-4BEA-957C-F15EFBD040F8}.Release|x86.Build.0 = Release|Win32
	EndGlobalSection
	GlobalSection(SolutionProperties) = preSolution
		HideSolutionNode = FALSE
	EndGlobalSection
	GlobalSection(ExtensibilityGlobals) = postSolution
		SolutionGuid = {08B207ED-E0D7-491A-A466-AA836BD81649}
	EndGlobalSection
EndGlobal
